
Microsoft Visual Studio Solution File, Format Version 12.00
# Visual Studio Version 16
VisualStudioVersion = 16.0.31112.23
MinimumVisualStudioVersion = 10.0.40219.1
Project("{FAE04EC0-301F-11D3-BF4B-00C04F79EFBC}") = "Jitendra_Joshi_Assignment", "Jitendra_Joshi_Assignment\Jitendra_Joshi_Assignment.csproj", "{FECCF56A-5A40-41D6-8037-48DA8C653EBE}"
EndProject
Global
	GlobalSection(SolutionConfigurationPlatforms) = preSolution
		Debug|Any CPU = Debug|Any CPU
		Release|Any CPU = Release|Any CPU
	EndGlobalSection
	GlobalSection(ProjectConfigurationPlatforms) = postSolution
		{FECCF56A-5A40-41D6-8037-48DA8C653EBE}.Debug|Any CPU.ActiveCfg = Debug|Any CPU
		{FECCF56A-5A40-41D6-8037-48DA8C653EBE}.Debug|Any CPU.Build.0 = Debug|Any CPU
		{FECCF56A-5A40-41D6-8037-48DA8C653EBE}.Release|Any CPU.ActiveCfg = Release|Any CPU
		{FECCF56A-5A40-41D6-8037-48DA8C653EBE}.Release|Any CPU.Build.0 = Release|Any CPU
	EndGlobalSection
	GlobalSection(SolutionProperties) = preSolution
		HideSolutionNode = FALSE
	EndGlobalSection
	GlobalSection(ExtensibilityGlobals) = postSolution
		SolutionGuid = {17B12ED2-EBB6-433F-9F9E-50D97E95C141}
	EndGlobalSection
EndGlobal
